
Microsoft Visual Studio Solution File, Format Version 12.00
# Visual Studio Version 17
VisualStudioVersion = 17.13.35818.85
MinimumVisualStudioVersion = 10.0.40219.1
Project("{2150E333-8FDC-42A3-9474-1A3956D46DE8}") = "src", "src", "{02EA681E-C7D8-13C7-8484-4AC65E1B71E8}"
EndProject
Project("{2150E333-8FDC-42A3-9474-1A3956D46DE8}") = "tests", "tests", "{6C6579AB-6958-4501-8E1B-FDE7D7643B87}"
EndProject
Project("{2150E333-8FDC-42A3-9474-1A3956D46DE8}") = "Backend", "Backend", "{D2D788B2-75C0-4629-8794-B77D0ED687F2}"
EndProject
Project("{2150E333-8FDC-42A3-9474-1A3956D46DE8}") = "Shared", "Shared", "{22CE0BD9-D4E4-41D8-B1D2-A9CF89EE24E3}"
EndProject
Project("{FAE04EC0-301F-11D3-BF4B-00C04F79EFBC}") = "MyRecipeBook.API", "src\Backend\MyRecipeBook.API\MyRecipeBook.API.csproj", "{E96522C9-C52B-42AF-841B-6B4A3A980A63}"
EndProject
Project("{FAE04EC0-301F-11D3-BF4B-00C04F79EFBC}") = "MyRecipeBook.Application", "src\Backend\MyRecipeBook.Application\MyRecipeBook.Application.csproj", "{8C1C0D77-6270-4EF3-A1C5-CDED38B42E34}"
EndProject
Project("{FAE04EC0-301F-11D3-BF4B-00C04F79EFBC}") = "MyRecipeBook.Domain", "src\Backend\MyRecipeBook.Domain\MyRecipeBook.Domain.csproj", "{71CF9711-C0CD-4E6A-AF87-10730D20CF76}"
EndProject
Project("{FAE04EC0-301F-11D3-BF4B-00C04F79EFBC}") = "MyRecipeBook.Infrastructure", "src\Backend\MyRecipeBook.Infrastructure\MyRecipeBook.Infrastructure.csproj", "{E9386DD1-C3A6-4FFA-B4C3-B973150C64DF}"
EndProject
Project("{FAE04EC0-301F-11D3-BF4B-00C04F79EFBC}") = "MyRecipeBook.Communication", "src\Shared\MyRecipeBook.Communication\MyRecipeBook.Communication.csproj", "{800A19CA-07A2-4F20-9678-383FB977BD03}"
EndProject
Project("{FAE04EC0-301F-11D3-BF4B-00C04F79EFBC}") = "MyRecipeBook.Exceptions", "src\Shared\MyRecipeBook.Exceptions\MyRecipeBook.Exceptions.csproj", "{25FE0511-8012-4F92-B23C-E92B3BE26710}"
EndProject
Global
	GlobalSection(SolutionConfigurationPlatforms) = preSolution
		Debug|Any CPU = Debug|Any CPU
		Release|Any CPU = Release|Any CPU
	EndGlobalSection
	GlobalSection(ProjectConfigurationPlatforms) = postSolution
		{E96522C9-C52B-42AF-841B-6B4A3A980A63}.Debug|Any CPU.ActiveCfg = Debug|Any CPU
		{E96522C9-C52B-42AF-841B-6B4A3A980A63}.Debug|Any CPU.Build.0 = Debug|Any CPU
		{E96522C9-C52B-42AF-841B-6B4A3A980A63}.Release|Any CPU.ActiveCfg = Release|Any CPU
		{E96522C9-C52B-42AF-841B-6B4A3A980A63}.Release|Any CPU.Build.0 = Release|Any CPU
		{8C1C0D77-6270-4EF3-A1C5-CDED38B42E34}.Debug|Any CPU.ActiveCfg = Debug|Any CPU
		{8C1C0D77-6270-4EF3-A1C5-CDED38B42E34}.Debug|Any CPU.Build.0 = Debug|Any CPU
		{8C1C0D77-6270-4EF3-A1C5-CDED38B42E34}.Release|Any CPU.ActiveCfg = Release|Any CPU
		{8C1C0D77-6270-4EF3-A1C5-CDED38B42E34}.Release|Any CPU.Build.0 = Release|Any CPU
		{71CF9711-C0CD-4E6A-AF87-10730D20CF76}.Debug|Any CPU.ActiveCfg = Debug|Any CPU
		{71CF9711-C0CD-4E6A-AF87-10730D20CF76}.Debug|Any CPU.Build.0 = Debug|Any CPU
		{71CF9711-C0CD-4E6A-AF87-10730D20CF76}.Release|Any CPU.ActiveCfg = Release|Any CPU
		{71CF9711-C0CD-4E6A-AF87-10730D20CF76}.Release|Any CPU.Build.0 = Release|Any CPU
		{E9386DD1-C3A6-4FFA-B4C3-B973150C64DF}.Debug|Any CPU.ActiveCfg = Debug|Any CPU
		{E9386DD1-C3A6-4FFA-B4C3-B973150C64DF}.Debug|Any CPU.Build.0 = Debug|Any CPU
		{E9386DD1-C3A6-4FFA-B4C3-B973150C64DF}.Release|Any CPU.ActiveCfg = Release|Any CPU
		{E9386DD1-C3A6-4FFA-B4C3-B973150C64DF}.Release|Any CPU.Build.0 = Release|Any CPU
		{800A19CA-07A2-4F20-9678-383FB977BD03}.Debug|Any CPU.ActiveCfg = Debug|Any CPU
		{800A19CA-07A2-4F20-9678-383FB977BD03}.Debug|Any CPU.Build.0 = Debug|Any CPU
		{800A19CA-07A2-4F20-9678-383FB977BD03}.Release|Any CPU.ActiveCfg = Release|Any CPU
		{800A19CA-07A2-4F20-9678-383FB977BD03}.Release|Any CPU.Build.0 = Release|Any CPU
		{25FE0511-8012-4F92-B23C-E92B3BE26710}.Debug|Any CPU.ActiveCfg = Debug|Any CPU
		{25FE0511-8012-4F92-B23C-E92B3BE26710}.Debug|Any CPU.Build.0 = Debug|Any CPU
		{25FE0511-8012-4F92-B23C-E92B3BE26710}.Release|Any CPU.ActiveCfg = Release|Any CPU
		{25FE0511-8012-4F92-B23C-E92B3BE26710}.Release|Any CPU.Build.0 = Release|Any CPU
	EndGlobalSection
	GlobalSection(SolutionProperties) = preSolution
		HideSolutionNode = FALSE
	EndGlobalSection
	GlobalSection(NestedProjects) = preSolution
		{D2D788B2-75C0-4629-8794-B77D0ED687F2} = {02EA681E-C7D8-13C7-8484-4AC65E1B71E8}
		{22CE0BD9-D4E4-41D8-B1D2-A9CF89EE24E3} = {02EA681E-C7D8-13C7-8484-4AC65E1B71E8}
		{E96522C9-C52B-42AF-841B-6B4A3A980A63} = {D2D788B2-75C0-4629-8794-B77D0ED687F2}
		{8C1C0D77-6270-4EF3-A1C5-CDED38B42E34} = {D2D788B2-75C0-4629-8794-B77D0ED687F2}
		{71CF9711-C0CD-4E6A-AF87-10730D20CF76} = {D2D788B2-75C0-4629-8794-B77D0ED687F2}
		{E9386DD1-C3A6-4FFA-B4C3-B973150C64DF} = {D2D788B2-75C0-4629-8794-B77D0ED687F2}
		{800A19CA-07A2-4F20-9678-383FB977BD03} = {22CE0BD9-D4E4-41D8-B1D2-A9CF89EE24E3}
		{25FE0511-8012-4F92-B23C-E92B3BE26710} = {22CE0BD9-D4E4-41D8-B1D2-A9CF89EE24E3}
	EndGlobalSection
	GlobalSection(ExtensibilityGlobals) = postSolution
		SolutionGuid = {D94FCBAE-E804-4176-8F56-51588B80FE4B}
	EndGlobalSection
EndGlobal
